
Microsoft Visual Studio Solution File, Format Version 11.00
# Visual Studio 2010
Project("{FAE04EC0-301F-11D3-BF4B-00C04F79EFBC}") = "StudentFeedbackSystem", "Login_page\StudentFeedbackSystem.csproj", "{45BA013F-544E-478E-8475-CA816C965D61}"
EndProject
Global
	GlobalSection(SolutionConfigurationPlatforms) = preSolution
		Debug|Any CPU = Debug|Any CPU
		Release|Any CPU = Release|Any CPU
	EndGlobalSection
	GlobalSection(ProjectConfigurationPlatforms) = postSolution
		{45BA013F-544E-478E-8475-CA816C965D61}.Debug|Any CPU.ActiveCfg = Debug|Any CPU
		{45BA013F-544E-478E-8475-CA816C965D61}.Debug|Any CPU.Build.0 = Debug|Any CPU
		{45BA013F-544E-478E-8475-CA816C965D61}.Release|Any CPU.ActiveCfg = Release|Any CPU
		{45BA013F-544E-478E-8475-CA816C965D61}.Release|Any CPU.Build.0 = Release|Any CPU
	EndGlobalSection
	GlobalSection(SolutionProperties) = preSolution
		HideSolutionNode = FALSE
	EndGlobalSection
EndGlobal
